
Microsoft Visual Studio Solution File, Format Version 12.00
# Visual Studio Version 17
VisualStudioVersion = 17.4.33103.184
MinimumVisualStudioVersion = 10.0.40219.1
Project("{9A19103F-16F7-4668-BE54-9A1E7A4F7556}") = "MyPasswordManager", "MyPasswordManager\MyPasswordManager.csproj", "{CF38F8C7-E094-4D59-BBD2-94096DC0F3BC}"
EndProject
Project("{2150E333-8FDC-42A3-9474-1A3956D46DE8}") = "Src", "Src", "{FAA3E293-A8A6-4AA4-AAEE-F268A2C30818}"
EndProject
Project("{2150E333-8FDC-42A3-9474-1A3956D46DE8}") = "Tests", "Tests", "{9B28D718-EEE8-4E71-B296-9092A81416D0}"
EndProject
Project("{9A19103F-16F7-4668-BE54-9A1E7A4F7556}") = "MyPasswordManager.Tests", "..\..\test\MyPasswordManager.Tests\MyPasswordManager.Tests.csproj", "{C8A315D5-334D-4B79-8B11-92404F5B3FB6}"
EndProject
Project("{9A19103F-16F7-4668-BE54-9A1E7A4F7556}") = "MyPasswordManager.Core", "MyPasswordManager.Core\MyPasswordManager.Core.csproj", "{6343BBF0-F491-40DF-8BCC-6EC096F66E4C}"
EndProject
Project("{9A19103F-16F7-4668-BE54-9A1E7A4F7556}") = "MyPasswordManager.Intregation.Tests", "..\..\test\MyPasswordManager.Intregation.Tests\MyPasswordManager.Intregation.Tests.csproj", "{E5FEF945-912C-4CEC-8A8D-7536A4EA462D}"
EndProject
Project("{9A19103F-16F7-4668-BE54-9A1E7A4F7556}") = "MyPasswordManager.Infrastructure", "MyPasswordManager.Infrastructure\MyPasswordManager.Infrastructure.csproj", "{BDF02D7D-17AF-4384-9BE5-2B73B8B092C7}"
EndProject
Global
	GlobalSection(SolutionConfigurationPlatforms) = preSolution
		Debug|Any CPU = Debug|Any CPU
		Release|Any CPU = Release|Any CPU
	EndGlobalSection
	GlobalSection(ProjectConfigurationPlatforms) = postSolution
		{CF38F8C7-E094-4D59-BBD2-94096DC0F3BC}.Debug|Any CPU.ActiveCfg = Debug|Any CPU
		{CF38F8C7-E094-4D59-BBD2-94096DC0F3BC}.Debug|Any CPU.Build.0 = Debug|Any CPU
		{CF38F8C7-E094-4D59-BBD2-94096DC0F3BC}.Release|Any CPU.ActiveCfg = Release|Any CPU
		{CF38F8C7-E094-4D59-BBD2-94096DC0F3BC}.Release|Any CPU.Build.0 = Release|Any CPU
		{C8A315D5-334D-4B79-8B11-92404F5B3FB6}.Debug|Any CPU.ActiveCfg = Debug|Any CPU
		{C8A315D5-334D-4B79-8B11-92404F5B3FB6}.Debug|Any CPU.Build.0 = Debug|Any CPU
		{C8A315D5-334D-4B79-8B11-92404F5B3FB6}.Release|Any CPU.ActiveCfg = Release|Any CPU
		{C8A315D5-334D-4B79-8B11-92404F5B3FB6}.Release|Any CPU.Build.0 = Release|Any CPU
		{6343BBF0-F491-40DF-8BCC-6EC096F66E4C}.Debug|Any CPU.ActiveCfg = Debug|Any CPU
		{6343BBF0-F491-40DF-8BCC-6EC096F66E4C}.Debug|Any CPU.Build.0 = Debug|Any CPU
		{6343BBF0-F491-40DF-8BCC-6EC096F66E4C}.Release|Any CPU.ActiveCfg = Release|Any CPU
		{6343BBF0-F491-40DF-8BCC-6EC096F66E4C}.Release|Any CPU.Build.0 = Release|Any CPU
		{E5FEF945-912C-4CEC-8A8D-7536A4EA462D}.Debug|Any CPU.ActiveCfg = Debug|Any CPU
		{E5FEF945-912C-4CEC-8A8D-7536A4EA462D}.Debug|Any CPU.Build.0 = Debug|Any CPU
		{E5FEF945-912C-4CEC-8A8D-7536A4EA462D}.Release|Any CPU.ActiveCfg = Release|Any CPU
		{E5FEF945-912C-4CEC-8A8D-7536A4EA462D}.Release|Any CPU.Build.0 = Release|Any CPU
		{BDF02D7D-17AF-4384-9BE5-2B73B8B092C7}.Debug|Any CPU.ActiveCfg = Debug|Any CPU
		{BDF02D7D-17AF-4384-9BE5-2B73B8B092C7}.Debug|Any CPU.Build.0 = Debug|Any CPU
		{BDF02D7D-17AF-4384-9BE5-2B73B8B092C7}.Release|Any CPU.ActiveCfg = Release|Any CPU
		{BDF02D7D-17AF-4384-9BE5-2B73B8B092C7}.Release|Any CPU.Build.0 = Release|Any CPU
	EndGlobalSection
	GlobalSection(SolutionProperties) = preSolution
		HideSolutionNode = FALSE
	EndGlobalSection
	GlobalSection(NestedProjects) = preSolution
		{CF38F8C7-E094-4D59-BBD2-94096DC0F3BC} = {FAA3E293-A8A6-4AA4-AAEE-F268A2C30818}
		{C8A315D5-334D-4B79-8B11-92404F5B3FB6} = {9B28D718-EEE8-4E71-B296-9092A81416D0}
		{6343BBF0-F491-40DF-8BCC-6EC096F66E4C} = {FAA3E293-A8A6-4AA4-AAEE-F268A2C30818}
		{E5FEF945-912C-4CEC-8A8D-7536A4EA462D} = {9B28D718-EEE8-4E71-B296-9092A81416D0}
		{BDF02D7D-17AF-4384-9BE5-2B73B8B092C7} = {FAA3E293-A8A6-4AA4-AAEE-F268A2C30818}
	EndGlobalSection
	GlobalSection(ExtensibilityGlobals) = postSolution
		SolutionGuid = {EC5C4DBA-4C6B-4D76-A0A6-858CBA988E43}
	EndGlobalSection
EndGlobal
